{
  "name": "basic-auth",
  "version": "1.0.0",
  "lockfileVersion": 3,
  "requires": true,
  "packages": {
    "": {
      "name": "basic-auth",
      "version": "1.0.0",
      "license": "ISC",
      "dependencies": {
        "typescript": "^5.6.3"
      },
      "devDependencies": {
        "@types/aws-cloudfront-function": "^1.0.4"
      }
    },
    "node_modules/@types/aws-cloudfront-function": {
      "version": "1.0.4",
      "resolved": "https://registry.npmjs.org/@types/aws-cloudfront-function/-/aws-cloudfront-function-1.0.4.tgz",
      "integrity": "sha512-djiKM7y3jReOxdS1bEmxrVnVRF1jrRggZCqD0duDSJTyA7b1VXkQ5d/T379ONLczFb4RSxFB4LV0wTCfq5kB5w==",
      "dev": true,
      "license": "MIT"
    },
    "node_modules/typescript": {
      "version": "5.6.3",
      "resolved": "https://registry.npmjs.org/typescript/-/typescript-5.6.3.tgz",
      "integrity": "sha512-hjcS1mhfuyi4WW8IWtjP7brDrG2cuDZukyrYrSauoXGNgx0S7zceP07adYkJycEr56BOUTNPzbInooiN3fn1qw==",
      "license": "Apache-2.0",
      "bin": {
        "tsc": "bin/tsc",
        "tsserver": "bin/tsserver"
      },
      "engines": {
        "node": ">=14.17"
      }
    }
  }
}
